
Microsoft Visual Studio Solution File, Format Version 12.00
# Visual Studio 15
VisualStudioVersion = 15.0.27130.2036
MinimumVisualStudioVersion = 10.0.40219.1
Project("{FAE04EC0-301F-11D3-BF4B-00C04F79EFBC}") = "EFCliente", "EFCliente\EFCliente.csproj", "{536E90CD-EEF0-4993-B340-E5F90B52063A}"
EndProject
Global
	GlobalSection(SolutionConfigurationPlatforms) = preSolution
		Debug|Any CPU = Debug|Any CPU
		Release|Any CPU = Release|Any CPU
	EndGlobalSection
	GlobalSection(ProjectConfigurationPlatforms) = postSolution
		{536E90CD-EEF0-4993-B340-E5F90B52063A}.Debug|Any CPU.ActiveCfg = Debug|Any CPU
		{536E90CD-EEF0-4993-B340-E5F90B52063A}.Debug|Any CPU.Build.0 = Debug|Any CPU
		{536E90CD-EEF0-4993-B340-E5F90B52063A}.Release|Any CPU.ActiveCfg = Release|Any CPU
		{536E90CD-EEF0-4993-B340-E5F90B52063A}.Release|Any CPU.Build.0 = Release|Any CPU
	EndGlobalSection
	GlobalSection(SolutionProperties) = preSolution
		HideSolutionNode = FALSE
	EndGlobalSection
	GlobalSection(ExtensibilityGlobals) = postSolution
		SolutionGuid = {B3668FF1-9A7E-4149-9065-634DAC6DE4C0}
	EndGlobalSection
EndGlobal
